
Microsoft Visual Studio Solution File, Format Version 12.00
# Visual Studio Version 16
VisualStudioVersion = 16.0.32002.261
MinimumVisualStudioVersion = 10.0.40219.1
Project("{FAE04EC0-301F-11D3-BF4B-00C04F79EFBC}") = "Music", "Music\Music.csproj", "{9C5D1029-DDE9-4582-95BE-32EE14357532}"
EndProject
Project("{FAE04EC0-301F-11D3-BF4B-00C04F79EFBC}") = "Core", "Core\Core.csproj", "{1E570BE4-7BE8-4A42-B1CA-55680C1BD634}"
EndProject
Project("{FAE04EC0-301F-11D3-BF4B-00C04F79EFBC}") = "Data", "Data\Data.csproj", "{E0B957B5-382A-48C6-BAEB-55253D69974B}"
EndProject
Project("{FAE04EC0-301F-11D3-BF4B-00C04F79EFBC}") = "Business", "Business\Business.csproj", "{D8771F9B-2118-4441-B32F-70B5DEB83B4E}"
EndProject
Global
	GlobalSection(SolutionConfigurationPlatforms) = preSolution
		Debug|Any CPU = Debug|Any CPU
		Release|Any CPU = Release|Any CPU
	EndGlobalSection
	GlobalSection(ProjectConfigurationPlatforms) = postSolution
		{9C5D1029-DDE9-4582-95BE-32EE14357532}.Debug|Any CPU.ActiveCfg = Debug|Any CPU
		{9C5D1029-DDE9-4582-95BE-32EE14357532}.Debug|Any CPU.Build.0 = Debug|Any CPU
		{9C5D1029-DDE9-4582-95BE-32EE14357532}.Release|Any CPU.ActiveCfg = Release|Any CPU
		{9C5D1029-DDE9-4582-95BE-32EE14357532}.Release|Any CPU.Build.0 = Release|Any CPU
		{1E570BE4-7BE8-4A42-B1CA-55680C1BD634}.Debug|Any CPU.ActiveCfg = Debug|Any CPU
		{1E570BE4-7BE8-4A42-B1CA-55680C1BD634}.Debug|Any CPU.Build.0 = Debug|Any CPU
		{1E570BE4-7BE8-4A42-B1CA-55680C1BD634}.Release|Any CPU.ActiveCfg = Release|Any CPU
		{1E570BE4-7BE8-4A42-B1CA-55680C1BD634}.Release|Any CPU.Build.0 = Release|Any CPU
		{E0B957B5-382A-48C6-BAEB-55253D69974B}.Debug|Any CPU.ActiveCfg = Debug|Any CPU
		{E0B957B5-382A-48C6-BAEB-55253D69974B}.Debug|Any CPU.Build.0 = Debug|Any CPU
		{E0B957B5-382A-48C6-BAEB-55253D69974B}.Release|Any CPU.ActiveCfg = Release|Any CPU
		{E0B957B5-382A-48C6-BAEB-55253D69974B}.Release|Any CPU.Build.0 = Release|Any CPU
		{D8771F9B-2118-4441-B32F-70B5DEB83B4E}.Debug|Any CPU.ActiveCfg = Debug|Any CPU
		{D8771F9B-2118-4441-B32F-70B5DEB83B4E}.Debug|Any CPU.Build.0 = Debug|Any CPU
		{D8771F9B-2118-4441-B32F-70B5DEB83B4E}.Release|Any CPU.ActiveCfg = Release|Any CPU
		{D8771F9B-2118-4441-B32F-70B5DEB83B4E}.Release|Any CPU.Build.0 = Release|Any CPU
	EndGlobalSection
	GlobalSection(SolutionProperties) = preSolution
		HideSolutionNode = FALSE
	EndGlobalSection
	GlobalSection(ExtensibilityGlobals) = postSolution
		SolutionGuid = {419FA43D-AF09-404D-885A-60499077AE62}
	EndGlobalSection
EndGlobal
